
Microsoft Visual Studio Solution File, Format Version 12.00
# Visual Studio Version 16
VisualStudioVersion = 16.0.30907.101
MinimumVisualStudioVersion = 10.0.40219.1
Project("{FAE04EC0-301F-11D3-BF4B-00C04F79EFBC}") = "PlotLand", "PlotLand\PlotLand.csproj", "{587503D1-3116-4868-B9A2-7194BD8A70E1}"
EndProject
Global
	GlobalSection(SolutionConfigurationPlatforms) = preSolution
		Debug|Any CPU = Debug|Any CPU
		Release|Any CPU = Release|Any CPU
	EndGlobalSection
	GlobalSection(ProjectConfigurationPlatforms) = postSolution
		{587503D1-3116-4868-B9A2-7194BD8A70E1}.Debug|Any CPU.ActiveCfg = Debug|Any CPU
		{587503D1-3116-4868-B9A2-7194BD8A70E1}.Debug|Any CPU.Build.0 = Debug|Any CPU
		{587503D1-3116-4868-B9A2-7194BD8A70E1}.Release|Any CPU.ActiveCfg = Release|Any CPU
		{587503D1-3116-4868-B9A2-7194BD8A70E1}.Release|Any CPU.Build.0 = Release|Any CPU
	EndGlobalSection
	GlobalSection(SolutionProperties) = preSolution
		HideSolutionNode = FALSE
	EndGlobalSection
	GlobalSection(ExtensibilityGlobals) = postSolution
		SolutionGuid = {A7F07330-85E5-4858-975C-84A77F3EABC1}
	EndGlobalSection
EndGlobal
