
Microsoft Visual Studio Solution File, Format Version 12.00
# Visual Studio Version 16
VisualStudioVersion = 16.0.30907.101
MinimumVisualStudioVersion = 10.0.40219.1
Project("{FAE04EC0-301F-11D3-BF4B-00C04F79EFBC}") = "PlotLand.Startup", "PlotLand\PlotLand.Startup.csproj", "{A8E94A8B-D500-464C-9C46-931FB86740C4}"
EndProject
Project("{FAE04EC0-301F-11D3-BF4B-00C04F79EFBC}") = "PlotLand.Models", "PlotLand.Models\PlotLand.Models.csproj", "{92FF238F-ACF0-4FDA-9D84-9D8B690EBD65}"
EndProject
Project("{FAE04EC0-301F-11D3-BF4B-00C04F79EFBC}") = "PlotLand.ViewModels", "PlotLand.ViewModels\PlotLand.ViewModels.csproj", "{4C49D59E-2080-41A4-A1BD-5A7975C281ED}"
EndProject
Project("{FAE04EC0-301F-11D3-BF4B-00C04F79EFBC}") = "PlotLand.Views", "PlotLand.Views\PlotLand.Views.csproj", "{5C83A3BC-D951-44E1-9199-890D78F84068}"
EndProject
Global
	GlobalSection(SolutionConfigurationPlatforms) = preSolution
		Debug|Any CPU = Debug|Any CPU
		Release|Any CPU = Release|Any CPU
	EndGlobalSection
	GlobalSection(ProjectConfigurationPlatforms) = postSolution
		{A8E94A8B-D500-464C-9C46-931FB86740C4}.Debug|Any CPU.ActiveCfg = Debug|Any CPU
		{A8E94A8B-D500-464C-9C46-931FB86740C4}.Debug|Any CPU.Build.0 = Debug|Any CPU
		{A8E94A8B-D500-464C-9C46-931FB86740C4}.Release|Any CPU.ActiveCfg = Release|Any CPU
		{A8E94A8B-D500-464C-9C46-931FB86740C4}.Release|Any CPU.Build.0 = Release|Any CPU
		{92FF238F-ACF0-4FDA-9D84-9D8B690EBD65}.Debug|Any CPU.ActiveCfg = Debug|Any CPU
		{92FF238F-ACF0-4FDA-9D84-9D8B690EBD65}.Debug|Any CPU.Build.0 = Debug|Any CPU
		{92FF238F-ACF0-4FDA-9D84-9D8B690EBD65}.Release|Any CPU.ActiveCfg = Release|Any CPU
		{92FF238F-ACF0-4FDA-9D84-9D8B690EBD65}.Release|Any CPU.Build.0 = Release|Any CPU
		{4C49D59E-2080-41A4-A1BD-5A7975C281ED}.Debug|Any CPU.ActiveCfg = Debug|Any CPU
		{4C49D59E-2080-41A4-A1BD-5A7975C281ED}.Debug|Any CPU.Build.0 = Debug|Any CPU
		{4C49D59E-2080-41A4-A1BD-5A7975C281ED}.Release|Any CPU.ActiveCfg = Release|Any CPU
		{4C49D59E-2080-41A4-A1BD-5A7975C281ED}.Release|Any CPU.Build.0 = Release|Any CPU
		{5C83A3BC-D951-44E1-9199-890D78F84068}.Debug|Any CPU.ActiveCfg = Debug|Any CPU
		{5C83A3BC-D951-44E1-9199-890D78F84068}.Debug|Any CPU.Build.0 = Debug|Any CPU
		{5C83A3BC-D951-44E1-9199-890D78F84068}.Release|Any CPU.ActiveCfg = Release|Any CPU
		{5C83A3BC-D951-44E1-9199-890D78F84068}.Release|Any CPU.Build.0 = Release|Any CPU
	EndGlobalSection
	GlobalSection(SolutionProperties) = preSolution
		HideSolutionNode = FALSE
	EndGlobalSection
	GlobalSection(ExtensibilityGlobals) = postSolution
		SolutionGuid = {C336C00D-7B3B-44B3-8E61-10802122765C}
	EndGlobalSection
EndGlobal
